
Microsoft Visual Studio Solution File, Format Version 12.00
# Visual Studio Version 17
VisualStudioVersion = 17.0.31903.59
MinimumVisualStudioVersion = 10.0.40219.1
Project("{FAE04EC0-301F-11D3-BF4B-00C04F79EFBC}") = "API", "API\API.csproj", "{4C13D5DC-6789-4CBF-BA62-0A3E65668EF7}"
EndProject
Project("{FAE04EC0-301F-11D3-BF4B-00C04F79EFBC}") = "Core", "Core\Core.csproj", "{86972F23-2D5A-45B4-B733-EA5692BBE776}"
EndProject
Project("{FAE04EC0-301F-11D3-BF4B-00C04F79EFBC}") = "Infrastructure", "Infrastructure\Infrastructure.csproj", "{9DF6521A-D368-4CB4-97DA-EFADE887FB66}"
EndProject
Global
	GlobalSection(SolutionConfigurationPlatforms) = preSolution
		Debug|Any CPU = Debug|Any CPU
		Debug|x64 = Debug|x64
		Debug|x86 = Debug|x86
		Release|Any CPU = Release|Any CPU
		Release|x64 = Release|x64
		Release|x86 = Release|x86
	EndGlobalSection
	GlobalSection(ProjectConfigurationPlatforms) = postSolution
		{4C13D5DC-6789-4CBF-BA62-0A3E65668EF7}.Debug|Any CPU.ActiveCfg = Debug|Any CPU
		{4C13D5DC-6789-4CBF-BA62-0A3E65668EF7}.Debug|Any CPU.Build.0 = Debug|Any CPU
		{4C13D5DC-6789-4CBF-BA62-0A3E65668EF7}.Debug|x64.ActiveCfg = Debug|Any CPU
		{4C13D5DC-6789-4CBF-BA62-0A3E65668EF7}.Debug|x64.Build.0 = Debug|Any CPU
		{4C13D5DC-6789-4CBF-BA62-0A3E65668EF7}.Debug|x86.ActiveCfg = Debug|Any CPU
		{4C13D5DC-6789-4CBF-BA62-0A3E65668EF7}.Debug|x86.Build.0 = Debug|Any CPU
		{4C13D5DC-6789-4CBF-BA62-0A3E65668EF7}.Release|Any CPU.ActiveCfg = Release|Any CPU
		{4C13D5DC-6789-4CBF-BA62-0A3E65668EF7}.Release|Any CPU.Build.0 = Release|Any CPU
		{4C13D5DC-6789-4CBF-BA62-0A3E65668EF7}.Release|x64.ActiveCfg = Release|Any CPU
		{4C13D5DC-6789-4CBF-BA62-0A3E65668EF7}.Release|x64.Build.0 = Release|Any CPU
		{4C13D5DC-6789-4CBF-BA62-0A3E65668EF7}.Release|x86.ActiveCfg = Release|Any CPU
		{4C13D5DC-6789-4CBF-BA62-0A3E65668EF7}.Release|x86.Build.0 = Release|Any CPU
		{86972F23-2D5A-45B4-B733-EA5692BBE776}.Debug|Any CPU.ActiveCfg = Debug|Any CPU
		{86972F23-2D5A-45B4-B733-EA5692BBE776}.Debug|Any CPU.Build.0 = Debug|Any CPU
		{86972F23-2D5A-45B4-B733-EA5692BBE776}.Debug|x64.ActiveCfg = Debug|Any CPU
		{86972F23-2D5A-45B4-B733-EA5692BBE776}.Debug|x64.Build.0 = Debug|Any CPU
		{86972F23-2D5A-45B4-B733-EA5692BBE776}.Debug|x86.ActiveCfg = Debug|Any CPU
		{86972F23-2D5A-45B4-B733-EA5692BBE776}.Debug|x86.Build.0 = Debug|Any CPU
		{86972F23-2D5A-45B4-B733-EA5692BBE776}.Release|Any CPU.ActiveCfg = Release|Any CPU
		{86972F23-2D5A-45B4-B733-EA5692BBE776}.Release|Any CPU.Build.0 = Release|Any CPU
		{86972F23-2D5A-45B4-B733-EA5692BBE776}.Release|x64.ActiveCfg = Release|Any CPU
		{86972F23-2D5A-45B4-B733-EA5692BBE776}.Release|x64.Build.0 = Release|Any CPU
		{86972F23-2D5A-45B4-B733-EA5692BBE776}.Release|x86.ActiveCfg = Release|Any CPU
		{86972F23-2D5A-45B4-B733-EA5692BBE776}.Release|x86.Build.0 = Release|Any CPU
		{9DF6521A-D368-4CB4-97DA-EFADE887FB66}.Debug|Any CPU.ActiveCfg = Debug|Any CPU
		{9DF6521A-D368-4CB4-97DA-EFADE887FB66}.Debug|Any CPU.Build.0 = Debug|Any CPU
		{9DF6521A-D368-4CB4-97DA-EFADE887FB66}.Debug|x64.ActiveCfg = Debug|Any CPU
		{9DF6521A-D368-4CB4-97DA-EFADE887FB66}.Debug|x64.Build.0 = Debug|Any CPU
		{9DF6521A-D368-4CB4-97DA-EFADE887FB66}.Debug|x86.ActiveCfg = Debug|Any CPU
		{9DF6521A-D368-4CB4-97DA-EFADE887FB66}.Debug|x86.Build.0 = Debug|Any CPU
		{9DF6521A-D368-4CB4-97DA-EFADE887FB66}.Release|Any CPU.ActiveCfg = Release|Any CPU
		{9DF6521A-D368-4CB4-97DA-EFADE887FB66}.Release|Any CPU.Build.0 = Release|Any CPU
		{9DF6521A-D368-4CB4-97DA-EFADE887FB66}.Release|x64.ActiveCfg = Release|Any CPU
		{9DF6521A-D368-4CB4-97DA-EFADE887FB66}.Release|x64.Build.0 = Release|Any CPU
		{9DF6521A-D368-4CB4-97DA-EFADE887FB66}.Release|x86.ActiveCfg = Release|Any CPU
		{9DF6521A-D368-4CB4-97DA-EFADE887FB66}.Release|x86.Build.0 = Release|Any CPU
	EndGlobalSection
	GlobalSection(SolutionProperties) = preSolution
		HideSolutionNode = FALSE
	EndGlobalSection
EndGlobal
